
Microsoft Visual Studio Solution File, Format Version 12.00
# Visual Studio 15
VisualStudioVersion = 15.0.28307.1259
MinimumVisualStudioVersion = 10.0.40219.1
Project("{8BC9CEB8-8B4A-11D0-8D11-00A0C91BC942}") = "2.32", "2.32\2.32.vcxproj", "{2A5060EB-1821-4BD8-9FE8-A159F550DFEE}"
EndProject
Global
	GlobalSection(SolutionConfigurationPlatforms) = preSolution
		Debug|x64 = Debug|x64
		Debug|x86 = Debug|x86
		Release|x64 = Release|x64
		Release|x86 = Release|x86
	EndGlobalSection
	GlobalSection(ProjectConfigurationPlatforms) = postSolution
		{2A5060EB-1821-4BD8-9FE8-A159F550DFEE}.Debug|x64.ActiveCfg = Debug|x64
		{2A5060EB-1821-4BD8-9FE8-A159F550DFEE}.Debug|x64.Build.0 = Debug|x64
		{2A5060EB-1821-4BD8-9FE8-A159F550DFEE}.Debug|x86.ActiveCfg = Debug|Win32
		{2A5060EB-1821-4BD8-9FE8-A159F550DFEE}.Debug|x86.Build.0 = Debug|Win32
		{2A5060EB-1821-4BD8-9FE8-A159F550DFEE}.Release|x64.ActiveCfg = Release|x64
		{2A5060EB-1821-4BD8-9FE8-A159F550DFEE}.Release|x64.Build.0 = Release|x64
		{2A5060EB-1821-4BD8-9FE8-A159F550DFEE}.Release|x86.ActiveCfg = Release|Win32
		{2A5060EB-1821-4BD8-9FE8-A159F550DFEE}.Release|x86.Build.0 = Release|Win32
	EndGlobalSection
	GlobalSection(SolutionProperties) = preSolution
		HideSolutionNode = FALSE
	EndGlobalSection
	GlobalSection(ExtensibilityGlobals) = postSolution
		SolutionGuid = {C05446BE-AA72-47E4-8304-4F962AA61012}
	EndGlobalSection
EndGlobal
