
Microsoft Visual Studio Solution File, Format Version 12.00
# Visual Studio 15
VisualStudioVersion = 15.0.28307.1259
MinimumVisualStudioVersion = 10.0.40219.1
Project("{8BC9CEB8-8B4A-11D0-8D11-00A0C91BC942}") = "2.33", "2.33\2.33.vcxproj", "{455DD929-27E5-432F-86C6-4195E9740C84}"
EndProject
Global
	GlobalSection(SolutionConfigurationPlatforms) = preSolution
		Debug|x64 = Debug|x64
		Debug|x86 = Debug|x86
		Release|x64 = Release|x64
		Release|x86 = Release|x86
	EndGlobalSection
	GlobalSection(ProjectConfigurationPlatforms) = postSolution
		{455DD929-27E5-432F-86C6-4195E9740C84}.Debug|x64.ActiveCfg = Debug|x64
		{455DD929-27E5-432F-86C6-4195E9740C84}.Debug|x64.Build.0 = Debug|x64
		{455DD929-27E5-432F-86C6-4195E9740C84}.Debug|x86.ActiveCfg = Debug|Win32
		{455DD929-27E5-432F-86C6-4195E9740C84}.Debug|x86.Build.0 = Debug|Win32
		{455DD929-27E5-432F-86C6-4195E9740C84}.Release|x64.ActiveCfg = Release|x64
		{455DD929-27E5-432F-86C6-4195E9740C84}.Release|x64.Build.0 = Release|x64
		{455DD929-27E5-432F-86C6-4195E9740C84}.Release|x86.ActiveCfg = Release|Win32
		{455DD929-27E5-432F-86C6-4195E9740C84}.Release|x86.Build.0 = Release|Win32
	EndGlobalSection
	GlobalSection(SolutionProperties) = preSolution
		HideSolutionNode = FALSE
	EndGlobalSection
	GlobalSection(ExtensibilityGlobals) = postSolution
		SolutionGuid = {02779A73-3C57-4E6C-ACA5-19BF06A24DDB}
	EndGlobalSection
EndGlobal
